
Microsoft Visual Studio Solution File, Format Version 12.00
Project("{FAE04EC0-301F-11D3-BF4B-00C04F79EFBC}") = "Assistant2", "Assistant2\Assistant2.csproj", "{79A9AB65-03A2-4DDE-BE84-0A44E86CC857}"
EndProject
Global
	GlobalSection(SolutionConfigurationPlatforms) = preSolution
		Debug|Any CPU = Debug|Any CPU
		Release|Any CPU = Release|Any CPU
	EndGlobalSection
	GlobalSection(ProjectConfigurationPlatforms) = postSolution
		{79A9AB65-03A2-4DDE-BE84-0A44E86CC857}.Debug|Any CPU.ActiveCfg = Debug|Any CPU
		{79A9AB65-03A2-4DDE-BE84-0A44E86CC857}.Debug|Any CPU.Build.0 = Debug|Any CPU
		{79A9AB65-03A2-4DDE-BE84-0A44E86CC857}.Release|Any CPU.ActiveCfg = Release|Any CPU
		{79A9AB65-03A2-4DDE-BE84-0A44E86CC857}.Release|Any CPU.Build.0 = Release|Any CPU
	EndGlobalSection
EndGlobal
